
Microsoft Visual Studio Solution File, Format Version 12.00
# Visual Studio Version 17
VisualStudioVersion = 17.7.34003.232
MinimumVisualStudioVersion = 10.0.40219.1
Project("{8BC9CEB8-8B4A-11D0-8D11-00A0C91BC942}") = "FIRSTFANTASY_FORSiv3D", "FIRSTFANTASY_FORSiv3D\FIRSTFANTASY_FORSiv3D.vcxproj", "{1C7143AF-6536-4E25-AC3C-43926C2BCD09}"
EndProject
Global
	GlobalSection(SolutionConfigurationPlatforms) = preSolution
		Debug|x64 = Debug|x64
		Release|x64 = Release|x64
	EndGlobalSection
	GlobalSection(ProjectConfigurationPlatforms) = postSolution
		{1C7143AF-6536-4E25-AC3C-43926C2BCD09}.Debug|x64.ActiveCfg = Debug|x64
		{1C7143AF-6536-4E25-AC3C-43926C2BCD09}.Debug|x64.Build.0 = Debug|x64
		{1C7143AF-6536-4E25-AC3C-43926C2BCD09}.Release|x64.ActiveCfg = Release|x64
		{1C7143AF-6536-4E25-AC3C-43926C2BCD09}.Release|x64.Build.0 = Release|x64
	EndGlobalSection
	GlobalSection(SolutionProperties) = preSolution
		HideSolutionNode = FALSE
	EndGlobalSection
	GlobalSection(ExtensibilityGlobals) = postSolution
		SolutionGuid = {07CB0819-4C8B-447C-B109-A5D361389471}
	EndGlobalSection
EndGlobal
